
Microsoft Visual Studio Solution File, Format Version 12.00
# Visual Studio Version 16
VisualStudioVersion = 16.0.29709.97
MinimumVisualStudioVersion = 10.0.40219.1
Project("{FAE04EC0-301F-11D3-BF4B-00C04F79EFBC}") = "TravelAgencyView", "TravelAgencyView\TravelAgencyView.csproj", "{2450FF33-C036-4824-A0D3-ACA4C77FCDE4}"
EndProject
Project("{FAE04EC0-301F-11D3-BF4B-00C04F79EFBC}") = "TravelAgencyBusinessLogic", "TravelAgencyBusinessLogic\TravelAgencyBusinessLogic.csproj", "{D7AFD97E-92BC-4D7A-B9E0-AC2E9F8CF9FD}"
EndProject
Project("{FAE04EC0-301F-11D3-BF4B-00C04F79EFBC}") = "TravelAgencyListImplement", "TravelAgencyListImplement\TravelAgencyListImplement.csproj", "{1D7AD011-01EB-46D0-9AE1-4B35D666EAAE}"
EndProject
Global
	GlobalSection(SolutionConfigurationPlatforms) = preSolution
		Debug|Any CPU = Debug|Any CPU
		Release|Any CPU = Release|Any CPU
	EndGlobalSection
	GlobalSection(ProjectConfigurationPlatforms) = postSolution
		{2450FF33-C036-4824-A0D3-ACA4C77FCDE4}.Debug|Any CPU.ActiveCfg = Debug|Any CPU
		{2450FF33-C036-4824-A0D3-ACA4C77FCDE4}.Debug|Any CPU.Build.0 = Debug|Any CPU
		{2450FF33-C036-4824-A0D3-ACA4C77FCDE4}.Release|Any CPU.ActiveCfg = Release|Any CPU
		{2450FF33-C036-4824-A0D3-ACA4C77FCDE4}.Release|Any CPU.Build.0 = Release|Any CPU
		{D7AFD97E-92BC-4D7A-B9E0-AC2E9F8CF9FD}.Debug|Any CPU.ActiveCfg = Debug|Any CPU
		{D7AFD97E-92BC-4D7A-B9E0-AC2E9F8CF9FD}.Debug|Any CPU.Build.0 = Debug|Any CPU
		{D7AFD97E-92BC-4D7A-B9E0-AC2E9F8CF9FD}.Release|Any CPU.ActiveCfg = Release|Any CPU
		{D7AFD97E-92BC-4D7A-B9E0-AC2E9F8CF9FD}.Release|Any CPU.Build.0 = Release|Any CPU
		{1D7AD011-01EB-46D0-9AE1-4B35D666EAAE}.Debug|Any CPU.ActiveCfg = Debug|Any CPU
		{1D7AD011-01EB-46D0-9AE1-4B35D666EAAE}.Debug|Any CPU.Build.0 = Debug|Any CPU
		{1D7AD011-01EB-46D0-9AE1-4B35D666EAAE}.Release|Any CPU.ActiveCfg = Release|Any CPU
		{1D7AD011-01EB-46D0-9AE1-4B35D666EAAE}.Release|Any CPU.Build.0 = Release|Any CPU
	EndGlobalSection
	GlobalSection(SolutionProperties) = preSolution
		HideSolutionNode = FALSE
	EndGlobalSection
	GlobalSection(ExtensibilityGlobals) = postSolution
		SolutionGuid = {D7DEC627-38AB-4282-A12A-82DA65D06862}
	EndGlobalSection
EndGlobal
