
Microsoft Visual Studio Solution File, Format Version 12.00
# Visual Studio Version 16
VisualStudioVersion = 16.0.31025.194
MinimumVisualStudioVersion = 10.0.40219.1
Project("{9A19103F-16F7-4668-BE54-9A1E7A4F7556}") = "TravelAgencyListImplement", "TravelAgencyListImplement\TravelAgencyListImplement.csproj", "{4B6F7BF4-8DD8-462B-9B26-7BB5624BAD34}"
EndProject
Project("{9A19103F-16F7-4668-BE54-9A1E7A4F7556}") = "TravelAgencyFileImplement", "TravelAgencyFileImplement\TravelAgencyFileImplement.csproj", "{FB63E80A-57B3-4EEF-972A-2104CA432694}"
EndProject
Project("{9A19103F-16F7-4668-BE54-9A1E7A4F7556}") = "TravelAgencyDatabaseImplement", "TravelAgencyDatabaseImplement\TravelAgencyDatabaseImplement.csproj", "{04989762-F536-42BD-956B-01C4355FB217}"
EndProject
Project("{FAE04EC0-301F-11D3-BF4B-00C04F79EFBC}") = "TravelAgencyView", "TravelAgencyView\TravelAgencyView.csproj", "{C9A11675-9C2B-4643-A626-1606D84C644A}"
EndProject
Project("{9A19103F-16F7-4668-BE54-9A1E7A4F7556}") = "TravelAgencyBusinessLogic", "TravelAgencyBusinessLogic\TravelAgencyBusinessLogic.csproj", "{8A56E6F4-B5C1-463A-9873-848F27E2C509}"
EndProject
Project("{9A19103F-16F7-4668-BE54-9A1E7A4F7556}") = "TravelAgencyClientApp", "TravelAgencyClientApp\TravelAgencyClientApp.csproj", "{B0AEF244-47E7-4FFF-8CFA-75BFEE635265}"
EndProject
Project("{9A19103F-16F7-4668-BE54-9A1E7A4F7556}") = "TravelAgencyRestApi", "TravelAgencyRestApi\TravelAgencyRestApi.csproj", "{20C55386-B58D-4092-85AE-57EE9616BD16}"
EndProject
Project("{FAE04EC0-301F-11D3-BF4B-00C04F79EFBC}") = "TravelAgencyStoreHouseApp", "TravelAgencyStoreHouseApp\TravelAgencyStoreHouseApp.csproj", "{EF547268-5F93-4FCD-AD46-BE6A22991677}"
EndProject
Global
	GlobalSection(SolutionConfigurationPlatforms) = preSolution
		Debug|Any CPU = Debug|Any CPU
		Release|Any CPU = Release|Any CPU
	EndGlobalSection
	GlobalSection(ProjectConfigurationPlatforms) = postSolution
		{4B6F7BF4-8DD8-462B-9B26-7BB5624BAD34}.Debug|Any CPU.ActiveCfg = Debug|Any CPU
		{4B6F7BF4-8DD8-462B-9B26-7BB5624BAD34}.Debug|Any CPU.Build.0 = Debug|Any CPU
		{4B6F7BF4-8DD8-462B-9B26-7BB5624BAD34}.Release|Any CPU.ActiveCfg = Release|Any CPU
		{4B6F7BF4-8DD8-462B-9B26-7BB5624BAD34}.Release|Any CPU.Build.0 = Release|Any CPU
		{FB63E80A-57B3-4EEF-972A-2104CA432694}.Debug|Any CPU.ActiveCfg = Debug|Any CPU
		{FB63E80A-57B3-4EEF-972A-2104CA432694}.Debug|Any CPU.Build.0 = Debug|Any CPU
		{FB63E80A-57B3-4EEF-972A-2104CA432694}.Release|Any CPU.ActiveCfg = Release|Any CPU
		{FB63E80A-57B3-4EEF-972A-2104CA432694}.Release|Any CPU.Build.0 = Release|Any CPU
		{04989762-F536-42BD-956B-01C4355FB217}.Debug|Any CPU.ActiveCfg = Debug|Any CPU
		{04989762-F536-42BD-956B-01C4355FB217}.Debug|Any CPU.Build.0 = Debug|Any CPU
		{04989762-F536-42BD-956B-01C4355FB217}.Release|Any CPU.ActiveCfg = Release|Any CPU
		{04989762-F536-42BD-956B-01C4355FB217}.Release|Any CPU.Build.0 = Release|Any CPU
		{C9A11675-9C2B-4643-A626-1606D84C644A}.Debug|Any CPU.ActiveCfg = Debug|Any CPU
		{C9A11675-9C2B-4643-A626-1606D84C644A}.Debug|Any CPU.Build.0 = Debug|Any CPU
		{C9A11675-9C2B-4643-A626-1606D84C644A}.Release|Any CPU.ActiveCfg = Release|Any CPU
		{C9A11675-9C2B-4643-A626-1606D84C644A}.Release|Any CPU.Build.0 = Release|Any CPU
		{8A56E6F4-B5C1-463A-9873-848F27E2C509}.Debug|Any CPU.ActiveCfg = Debug|Any CPU
		{8A56E6F4-B5C1-463A-9873-848F27E2C509}.Debug|Any CPU.Build.0 = Debug|Any CPU
		{8A56E6F4-B5C1-463A-9873-848F27E2C509}.Release|Any CPU.ActiveCfg = Release|Any CPU
		{8A56E6F4-B5C1-463A-9873-848F27E2C509}.Release|Any CPU.Build.0 = Release|Any CPU
		{B0AEF244-47E7-4FFF-8CFA-75BFEE635265}.Debug|Any CPU.ActiveCfg = Debug|Any CPU
		{B0AEF244-47E7-4FFF-8CFA-75BFEE635265}.Debug|Any CPU.Build.0 = Debug|Any CPU
		{B0AEF244-47E7-4FFF-8CFA-75BFEE635265}.Release|Any CPU.ActiveCfg = Release|Any CPU
		{B0AEF244-47E7-4FFF-8CFA-75BFEE635265}.Release|Any CPU.Build.0 = Release|Any CPU
		{20C55386-B58D-4092-85AE-57EE9616BD16}.Debug|Any CPU.ActiveCfg = Debug|Any CPU
		{20C55386-B58D-4092-85AE-57EE9616BD16}.Debug|Any CPU.Build.0 = Debug|Any CPU
		{20C55386-B58D-4092-85AE-57EE9616BD16}.Release|Any CPU.ActiveCfg = Release|Any CPU
		{20C55386-B58D-4092-85AE-57EE9616BD16}.Release|Any CPU.Build.0 = Release|Any CPU
		{EF547268-5F93-4FCD-AD46-BE6A22991677}.Debug|Any CPU.ActiveCfg = Debug|Any CPU
		{EF547268-5F93-4FCD-AD46-BE6A22991677}.Debug|Any CPU.Build.0 = Debug|Any CPU
		{EF547268-5F93-4FCD-AD46-BE6A22991677}.Release|Any CPU.ActiveCfg = Release|Any CPU
		{EF547268-5F93-4FCD-AD46-BE6A22991677}.Release|Any CPU.Build.0 = Release|Any CPU
	EndGlobalSection
	GlobalSection(SolutionProperties) = preSolution
		HideSolutionNode = FALSE
	EndGlobalSection
	GlobalSection(ExtensibilityGlobals) = postSolution
		SolutionGuid = {FE1B7EE1-189D-46F2-B66F-C3D87AB490F8}
	EndGlobalSection
EndGlobal
